
Microsoft Visual Studio Solution File, Format Version 12.00
# Visual Studio Version 17
VisualStudioVersion = 17.8.34408.163
MinimumVisualStudioVersion = 10.0.40219.1
Project("{FAE04EC0-301F-11D3-BF4B-00C04F79EFBC}") = "NoteWebApp", "NoteWebApp.csproj", "{6DD57618-AF94-49EB-85C2-4B55B7483D70}"
EndProject
Global
	GlobalSection(SolutionConfigurationPlatforms) = preSolution
		Debug|Any CPU = Debug|Any CPU
		Release|Any CPU = Release|Any CPU
	EndGlobalSection
	GlobalSection(ProjectConfigurationPlatforms) = postSolution
		{6DD57618-AF94-49EB-85C2-4B55B7483D70}.Debug|Any CPU.ActiveCfg = Debug|Any CPU
		{6DD57618-AF94-49EB-85C2-4B55B7483D70}.Debug|Any CPU.Build.0 = Debug|Any CPU
		{6DD57618-AF94-49EB-85C2-4B55B7483D70}.Release|Any CPU.ActiveCfg = Release|Any CPU
		{6DD57618-AF94-49EB-85C2-4B55B7483D70}.Release|Any CPU.Build.0 = Release|Any CPU
	EndGlobalSection
	GlobalSection(SolutionProperties) = preSolution
		HideSolutionNode = FALSE
	EndGlobalSection
	GlobalSection(ExtensibilityGlobals) = postSolution
		SolutionGuid = {8B1F0996-ED05-4A5C-9A49-FDF4D4263991}
	EndGlobalSection
EndGlobal
